
Microsoft Visual Studio Solution File, Format Version 12.00
# Visual Studio 15
Project("{FAE04EC0-301F-11D3-BF4B-00C04F79EFBC}") = "AR-Card_Demo", "Assembly-CSharp.csproj", "{7D876B4A-5581-BE08-09AA-E4C8B2DCA105}"
EndProject
Project("{FAE04EC0-301F-11D3-BF4B-00C04F79EFBC}") = "AR-Card_Demo", "Assembly-CSharp-Editor.csproj", "{ACDFC792-DD32-5F9B-3626-B81686293BF1}"
EndProject
Global
	GlobalSection(SolutionConfigurationPlatforms) = preSolution
		Debug|Any CPU = Debug|Any CPU
		Release|Any CPU = Release|Any CPU
	EndGlobalSection
	GlobalSection(ProjectConfigurationPlatforms) = postSolution
		{7D876B4A-5581-BE08-09AA-E4C8B2DCA105}.Debug|Any CPU.ActiveCfg = Debug|Any CPU
		{7D876B4A-5581-BE08-09AA-E4C8B2DCA105}.Debug|Any CPU.Build.0 = Debug|Any CPU
		{7D876B4A-5581-BE08-09AA-E4C8B2DCA105}.Release|Any CPU.ActiveCfg = Release|Any CPU
		{7D876B4A-5581-BE08-09AA-E4C8B2DCA105}.Release|Any CPU.Build.0 = Release|Any CPU
		{ACDFC792-DD32-5F9B-3626-B81686293BF1}.Debug|Any CPU.ActiveCfg = Debug|Any CPU
		{ACDFC792-DD32-5F9B-3626-B81686293BF1}.Debug|Any CPU.Build.0 = Debug|Any CPU
		{ACDFC792-DD32-5F9B-3626-B81686293BF1}.Release|Any CPU.ActiveCfg = Release|Any CPU
		{ACDFC792-DD32-5F9B-3626-B81686293BF1}.Release|Any CPU.Build.0 = Release|Any CPU
	EndGlobalSection
	GlobalSection(SolutionProperties) = preSolution
		HideSolutionNode = FALSE
	EndGlobalSection
EndGlobal
